{
    "_readme": [
        "This file locks the dependencies of your project to a known state",
        "Read more about it at https://getcomposer.org/doc/01-basic-usage.md#installing-dependencies",
        "This file is @generated automatically"
    ],
    "content-hash": "a06cabd8bea46e55043175b964e2e91e",
    "packages": [
        {
            "name": "nwm/renderer-php",
            "version": "v0.2.0",
            "source": {
                "type": "git",
                "url": "https://github.com/NolwennWM/renderer-php.git",
                "reference": "b33046c92c3e65cb491dafcf61104049961132c7"
            },
            "dist": {
                "type": "zip",
                "url": "https://api.github.com/repos/NolwennWM/renderer-php/zipball/b33046c92c3e65cb491dafcf61104049961132c7",
                "reference": "b33046c92c3e65cb491dafcf61104049961132c7",
                "shasum": ""
            },
            "require": {
                "php": ">=8.3"
            },
            "type": "library",
            "autoload": {
                "psr-4": {
                    "NWM\\Renderer\\": "src/"
                }
            },
            "license": [
                "MIT"
            ],
            "authors": [
                {
                    "name": "Nolwenn WEBER-MARQUISET"
                }
            ],
            "description": "Une petite librairie PHP qui fournit un moteur de rendu simple.",
            "support": {
                "source": "https://github.com/NolwennWM/renderer-php/tree/v0.2.0",
                "issues": "https://github.com/NolwennWM/renderer-php/issues"
            },
            "time": "2025-09-16T14:04:05+00:00"
        }
    ],
    "packages-dev": [],
    "aliases": [],
    "minimum-stability": "stable",
    "stability-flags": {},
    "prefer-stable": true,
    "prefer-lowest": false,
    "platform": {
        "php": ">=8.3"
    },
    "platform-dev": {},
    "plugin-api-version": "2.6.0"
}
